// !$*UTF8*$!
{
	archiveVersion = 1;
	classes = {
	};
	objectVersion = 50;
	objects = {

/* Begin PBXBuildFile section */
		DDD2975224BF660600D4411A /* AppDelegate.swift in Sources */ = {isa = PBXBuildFile; fileRef = DDD2975124BF660600D4411A /* AppDelegate.swift */; };
		DDD2975424BF660600D4411A /* SceneDelegate.swift in Sources */ = {isa = PBXBuildFile; fileRef = DDD2975324BF660600D4411A /* SceneDelegate.swift */; };
		DDD2975624BF660600D4411A /* ViewController.swift in Sources */ = {isa = PBXBuildFile; fileRef = DDD2975524BF660600D4411A /* ViewController.swift */; };
		DDD2975924BF660600D4411A /* Main.storyboard in Resources */ = {isa = PBXBuildFile; fileRef = DDD2975724BF660600D4411A /* Main.storyboard */; };
		DDD2975B24BF660800D4411A /* Assets.xcassets in Resources */ = {isa = PBXBuildFile; fileRef = DDD2975A24BF660800D4411A /* Assets.xcassets */; };
		DDD2975E24BF660800D4411A /* LaunchScreen.storyboard in Resources */ = {isa = PBXBuildFile; fileRef = DDD2975C24BF660800D4411A /* LaunchScreen.storyboard */; };
		DDD2976924BF660800D4411A /* tipTests.swift in Sources */ = {isa = PBXBuildFile; fileRef = DDD2976824BF660800D4411A /* tipTests.swift */; };
		DDD2977424BF660800D4411A /* tipUITests.swift in Sources */ = {isa = PBXBuildFile; fileRef = DDD2977324BF660800D4411A /* tipUITests.swift */; };
/* End PBXBuildFile section */

/* Begin PBXContainerItemProxy section */
		DDD2976524BF660800D4411A /* PBXContainerItemProxy */ = {
			isa = PBXContainerItemProxy;
			containerPortal = DDD2974624BF660600D4411A /* Project object */;
			proxyType = 1;
			remoteGlobalIDString = DDD2974D24BF660600D4411A;
			remoteInfo = tip;
		};
		DDD2977024BF660800D4411A /* PBXContainerItemProxy */ = {
			isa = PBXContainerItemProxy;
			containerPortal = DDD2974624BF660600D4411A /* Project object */;
			proxyType = 1;
			remoteGlobalIDString = DDD2974D24BF660600D4411A;
			remoteInfo = tip;
		};
/* End PBXContainerItemProxy section */

/* Begin PBXFileReference section */
		DDD2974E24BF660600D4411A /* tip.app */ = {isa = PBXFileReference; explicitFileType = wrapper.application; includeInIndex = 0; path = tip.app; sourceTree = BUILT_PRODUCTS_DIR; };
		DDD2975124BF660600D4411A /* AppDelegate.swift */ = {isa = PBXFileReference; lastKnownFileType = sourcecode.swift; path = AppDelegate.swift; sourceTree = "<group>"; };
		DDD2975324BF660600D4411A /* SceneDelegate.swift */ = {isa = PBXFileReference; lastKnownFileType = sourcecode.swift; path = SceneDelegate.swift; sourceTree = "<group>"; };
		DDD2975524BF660600D4411A /* ViewController.swift */ = {isa = PBXFileReference; lastKnownFileType = sourcecode.swift; path = ViewController.swift; sourceTree = "<group>"; };
		DDD2975824BF660600D4411A /* Base */ = {isa = PBXFileReference; lastKnownFileType = file.storyboard; name = Base; path = Base.lproj/Main.storyboard; sourceTree = "<group>"; };
		DDD2975A24BF660800D4411A /* Assets.xcassets */ = {isa = PBXFileReference; lastKnownFileType = folder.assetcatalog; path = Assets.xcassets; sourceTree = "<group>"; };
		DDD2975D24BF660800D4411A /* Base */ = {isa = PBXFileReference; lastKnownFileType = file.storyboard; name = Base; path = Base.lproj/LaunchScreen.storyboard; sourceTree = "<group>"; };
		DDD2975F24BF660800D4411A /* Info.plist */ = {isa = PBXFileReference; lastKnownFileType = text.plist.xml; path = Info.plist; sourceTree = "<group>"; };
		DDD2976424BF660800D4411A /* tipTests.xctest */ = {isa = PBXFileReference; explicitFileType = wrapper.cfbundle; includeInIndex = 0; path = tipTests.xctest; sourceTree = BUILT_PRODUCTS_DIR; };
		DDD2976824BF660800D4411A /* tipTests.swift */ = {isa = PBXFileReference; lastKnownFileType = sourcecode.swift; path = tipTests.swift; sourceTree = "<group>"; };
		DDD2976A24BF660800D4411A /* Info.plist */ = {isa = PBXFileReference; lastKnownFileType = text.plist.xml; path = Info.plist; sourceTree = "<group>"; };
		DDD2976F24BF660800D4411A /* tipUITests.xctest */ = {isa = PBXFileReference; explicitFileType = wrapper.cfbundle; includeInIndex = 0; path = tipUITests.xctest; sourceTree = BUILT_PRODUCTS_DIR; };
		DDD2977324BF660800D4411A /* tipUITests.swift */ = {isa = PBXFileReference; lastKnownFileType = sourcecode.swift; path = tipUITests.swift; sourceTree = "<group>"; };
		DDD2977524BF660800D4411A /* Info.plist */ = {isa = PBXFileReference; lastKnownFileType = text.plist.xml; path = Info.plist; sourceTree = "<group>"; };
/* End PBXFileReference section */

/* Begin PBXFrameworksBuildPhase section */
		DDD2974B24BF660600D4411A /* Frameworks */ = {
			isa = PBXFrameworksBuildPhase;
			buildActionMask = 2147483647;
			files = (
			);
			runOnlyForDeploymentPostprocessing = 0;
		};
		DDD2976124BF660800D4411A /* Frameworks */ = {
			isa = PBXFrameworksBuildPhase;
			buildActionMask = 2147483647;
			files = (
			);
			runOnlyForDeploymentPostprocessing = 0;
		};
		DDD2976C24BF660800D4411A /* Frameworks */ = {
			isa = PBXFrameworksBuildPhase;
			buildActionMask = 2147483647;
			files = (
			);
			runOnlyForDeploymentPostprocessing = 0;
		};
/* End PBXFrameworksBuildPhase section */

/* Begin PBXGroup section */
		DDD2974524BF660600D4411A = {
			isa = PBXGroup;
			children = (
				DDD2975024BF660600D4411A /* tip */,
				DDD2976724BF660800D4411A /* tipTests */,
				DDD2977224BF660800D4411A /* tipUITests */,
				DDD2974F24BF660600D4411A /* Products */,
			);
			sourceTree = "<group>";
		};
		DDD2974F24BF660600D4411A /* Products */ = {
			isa = PBXGroup;
			children = (
				DDD2974E24BF660600D4411A /* tip.app */,
				DDD2976424BF660800D4411A /* tipTests.xctest */,
				DDD2976F24BF660800D4411A /* tipUITests.xctest */,
			);
			name = Products;
			sourceTree = "<group>";
		};
		DDD2975024BF660600D4411A /* tip */ = {
			isa = PBXGroup;
			children = (
				DDD2975124BF660600D4411A /* AppDelegate.swift */,
				DDD2975324BF660600D4411A /* SceneDelegate.swift */,
				DDD2975524BF660600D4411A /* ViewController.swift */,
				DDD2975724BF660600D4411A /* Main.storyboard */,
				DDD2975A24BF660800D4411A /* Assets.xcassets */,
				DDD2975C24BF660800D4411A /* LaunchScreen.storyboard */,
				DDD2975F24BF660800D4411A /* Info.plist */,
			);
			path = tip;
			sourceTree = "<group>";
		};
		DDD2976724BF660800D4411A /* tipTests */ = {
			isa = PBXGroup;
			children = (
				DDD2976824BF660800D4411A /* tipTests.swift */,
				DDD2976A24BF660800D4411A /* Info.plist */,
			);
			path = tipTests;
			sourceTree = "<group>";
		};
		DDD2977224BF660800D4411A /* tipUITests */ = {
			isa = PBXGroup;
			children = (
				DDD2977324BF660800D4411A /* tipUITests.swift */,
				DDD2977524BF660800D4411A /* Info.plist */,
			);
			path = tipUITests;
			sourceTree = "<group>";
		};
/* End PBXGroup section */

/* Begin PBXNativeTarget section */
		DDD2974D24BF660600D4411A /* tip */ = {
			isa = PBXNativeTarget;
			buildConfigurationList = DDD2977824BF660800D4411A /* Build configuration list for PBXNativeTarget "tip" */;
			buildPhases = (
				DDD2974A24BF660600D4411A /* Sources */,
				DDD2974B24BF660600D4411A /* Frameworks */,
				DDD2974C24BF660600D4411A /* Resources */,
			);
			buildRules = (
			);
			dependencies = (
			);
			name = tip;
			productName = tip;
			productReference = DDD2974E24BF660600D4411A /* tip.app */;
			productType = "com.apple.product-type.application";
		};
		DDD2976324BF660800D4411A /* tipTests */ = {
			isa = PBXNativeTarget;
			buildConfigurationList = DDD2977B24BF660800D4411A /* Build configuration list for PBXNativeTarget "tipTests" */;
			buildPhases = (
				DDD2976024BF660800D4411A /* Sources */,
				DDD2976124BF660800D4411A /* Frameworks */,
				DDD2976224BF660800D4411A /* Resources */,
			);
			buildRules = (
			);
			dependencies = (
				DDD2976624BF660800D4411A /* PBXTargetDependency */,
			);
			name = tipTests;
			productName = tipTests;
			productReference = DDD2976424BF660800D4411A /* tipTests.xctest */;
			productType = "com.apple.product-type.bundle.unit-test";
		};
		DDD2976E24BF660800D4411A /* tipUITests */ = {
			isa = PBXNativeTarget;
			buildConfigurationList = DDD2977E24BF660800D4411A /* Build configuration list for PBXNativeTarget "tipUITests" */;
			buildPhases = (
				DDD2976B24BF660800D4411A /* Sources */,
				DDD2976C24BF660800D4411A /* Frameworks */,
				DDD2976D24BF660800D4411A /* Resources */,
			);
			buildRules = (
			);
			dependencies = (
				DDD2977124BF660800D4411A /* PBXTargetDependency */,
			);
			name = tipUITests;
			productName = tipUITests;
			productReference = DDD2976F24BF660800D4411A /* tipUITests.xctest */;
			productType = "com.apple.product-type.bundle.ui-testing";
		};
/* End PBXNativeTarget section */

/* Begin PBXProject section */
		DDD2974624BF660600D4411A /* Project object */ = {
			isa = PBXProject;
			attributes = {
				LastSwiftUpdateCheck = 1100;
				LastUpgradeCheck = 1100;
				ORGANIZATIONNAME = "Hanjing Zhu";
				TargetAttributes = {
					DDD2974D24BF660600D4411A = {
						CreatedOnToolsVersion = 11.0;
					};
					DDD2976324BF660800D4411A = {
						CreatedOnToolsVersion = 11.0;
						TestTargetID = DDD2974D24BF660600D4411A;
					};
					DDD2976E24BF660800D4411A = {
						CreatedOnToolsVersion = 11.0;
						TestTargetID = DDD2974D24BF660600D4411A;
					};
				};
			};
			buildConfigurationList = DDD2974924BF660600D4411A /* Build configuration list for PBXProject "tip" */;
			compatibilityVersion = "Xcode 9.3";
			developmentRegion = en;
			hasScannedForEncodings = 0;
			knownRegions = (
				en,
				Base,
			);
			mainGroup = DDD2974524BF660600D4411A;
			productRefGroup = DDD2974F24BF660600D4411A /* Products */;
			projectDirPath = "";
			projectRoot = "";
			targets = (
				DDD2974D24BF660600D4411A /* tip */,
				DDD2976324BF660800D4411A /* tipTests */,
				DDD2976E24BF660800D4411A /* tipUITests */,
			);
		};
/* End PBXProject section */

/* Begin PBXResourcesBuildPhase section */
		DDD2974C24BF660600D4411A /* Resources */ = {
			isa = PBXResourcesBuildPhase;
			buildActionMask = 2147483647;
			files = (
				DDD2975E24BF660800D4411A /* LaunchScreen.storyboard in Resources */,
				DDD2975B24BF660800D4411A /* Assets.xcassets in Resources */,
				DDD2975924BF660600D4411A /* Main.storyboard in Resources */,
			);
			runOnlyForDeploymentPostprocessing = 0;
		};
		DDD2976224BF660800D4411A /* Resources */ = {
			isa = PBXResourcesBuildPhase;
			buildActionMask = 2147483647;
			files = (
			);
			runOnlyForDeploymentPostprocessing = 0;
		};
		DDD2976D24BF660800D4411A /* Resources */ = {
			isa = PBXResourcesBuildPhase;
			buildActionMask = 2147483647;
			files = (
			);
			runOnlyForDeploymentPostprocessing = 0;
		};
/* End PBXResourcesBuildPhase section */

/* Begin PBXSourcesBuildPhase section */
		DDD2974A24BF660600D4411A /* Sources */ = {
			isa = PBXSourcesBuildPhase;
			buildActionMask = 2147483647;
			files = (
				DDD2975624BF660600D4411A /* ViewController.swift in Sources */,
				DDD2975224BF660600D4411A /* AppDelegate.swift in Sources */,
				DDD2975424BF660600D4411A /* SceneDelegate.swift in Sources */,
			);
			runOnlyForDeploymentPostprocessing = 0;
		};
		DDD2976024BF660800D4411A /* Sources */ = {
			isa = PBXSourcesBuildPhase;
			buildActionMask = 2147483647;
			files = (
				DDD2976924BF660800D4411A /* tipTests.swift in Sources */,
			);
			runOnlyForDeploymentPostprocessing = 0;
		};
		DDD2976B24BF660800D4411A /* Sources */ = {
			isa = PBXSourcesBuildPhase;
			buildActionMask = 2147483647;
			files = (
				DDD2977424BF660800D4411A /* tipUITests.swift in Sources */,
			);
			runOnlyForDeploymentPostprocessing = 0;
		};
/* End PBXSourcesBuildPhase section */

/* Begin PBXTargetDependency section */
		DDD2976624BF660800D4411A /* PBXTargetDependency */ = {
			isa = PBXTargetDependency;
			target = DDD2974D24BF660600D4411A /* tip */;
			targetProxy = DDD2976524BF660800D4411A /* PBXContainerItemProxy */;
		};
		DDD2977124BF660800D4411A /* PBXTargetDependency */ = {
			isa = PBXTargetDependency;
			target = DDD2974D24BF660600D4411A /* tip */;
			targetProxy = DDD2977024BF660800D4411A /* PBXContainerItemProxy */;
		};
/* End PBXTargetDependency section */

/* Begin PBXVariantGroup section */
		DDD2975724BF660600D4411A /* Main.storyboard */ = {
			isa = PBXVariantGroup;
			children = (
				DDD2975824BF660600D4411A /* Base */,
			);
			name = Main.storyboard;
			sourceTree = "<group>";
		};
		DDD2975C24BF660800D4411A /* LaunchScreen.storyboard */ = {
			isa = PBXVariantGroup;
			children = (
				DDD2975D24BF660800D4411A /* Base */,
			);
			name = LaunchScreen.storyboard;
			sourceTree = "<group>";
		};
/* End PBXVariantGroup section */

/* Begin XCBuildConfiguration section */
		DDD2977624BF660800D4411A /* Debug */ = {
			isa = XCBuildConfiguration;
			buildSettings = {
				ALWAYS_SEARCH_USER_PATHS = NO;
				CLANG_ANALYZER_NONNULL = YES;
				CLANG_ANALYZER_NUMBER_OBJECT_CONVERSION = YES_AGGRESSIVE;
				CLANG_CXX_LANGUAGE_STANDARD = "gnu++14";
				CLANG_CXX_LIBRARY = "libc++";
				CLANG_ENABLE_MODULES = YES;
				CLANG_ENABLE_OBJC_ARC = YES;
				CLANG_ENABLE_OBJC_WEAK = YES;
				CLANG_WARN_BLOCK_CAPTURE_AUTORELEASING = YES;
				CLANG_WARN_BOOL_CONVERSION = YES;
				CLANG_WARN_COMMA = YES;
				CLANG_WARN_CONSTANT_CONVERSION = YES;
				CLANG_WARN_DEPRECATED_OBJC_IMPLEMENTATIONS = YES;
				CLANG_WARN_DIRECT_OBJC_ISA_USAGE = YES_ERROR;
				CLANG_WARN_DOCUMENTATION_COMMENTS = YES;
				CLANG_WARN_EMPTY_BODY = YES;
				CLANG_WARN_ENUM_CONVERSION = YES;
				CLANG_WARN_INFINITE_RECURSION = YES;
				CLANG_WARN_INT_CONVERSION = YES;
				CLANG_WARN_NON_LITERAL_NULL_CONVERSION = YES;
				CLANG_WARN_OBJC_IMPLICIT_RETAIN_SELF = YES;
				CLANG_WARN_OBJC_LITERAL_CONVERSION = YES;
				CLANG_WARN_OBJC_ROOT_CLASS = YES_ERROR;
				CLANG_WARN_RANGE_LOOP_ANALYSIS = YES;
				CLANG_WARN_STRICT_PROTOTYPES = YES;
				CLANG_WARN_SUSPICIOUS_MOVE = YES;
				CLANG_WARN_UNGUARDED_AVAILABILITY = YES_AGGRESSIVE;
				CLANG_WARN_UNREACHABLE_CODE = YES;
				CLANG_WARN__DUPLICATE_METHOD_MATCH = YES;
				COPY_PHASE_STRIP = NO;
				DEBUG_INFORMATION_FORMAT = dwarf;
				ENABLE_STRICT_OBJC_MSGSEND = YES;
				ENABLE_TESTABILITY = YES;
				GCC_C_LANGUAGE_STANDARD = gnu11;
				GCC_DYNAMIC_NO_PIC = NO;
				GCC_NO_COMMON_BLOCKS = YES;
				GCC_OPTIMIZATION_LEVEL = 0;
				GCC_PREPROCESSOR_DEFINITIONS = (
					"DEBUG=1",
					"$(inherited)",
				);
				GCC_WARN_64_TO_32_BIT_CONVERSION = YES;
				GCC_WARN_ABOUT_RETURN_TYPE = YES_ERROR;
				GCC_WARN_UNDECLARED_SELECTOR = YES;
				GCC_WARN_UNINITIALIZED_AUTOS = YES_AGGRESSIVE;
				GCC_WARN_UNUSED_FUNCTION = YES;
				GCC_WARN_UNUSED_VARIABLE = YES;
				IPHONEOS_DEPLOYMENT_TARGET = 13.0;
				MTL_ENABLE_DEBUG_INFO = INCLUDE_SOURCE;
				MTL_FAST_MATH = YES;
				ONLY_ACTIVE_ARCH = YES;
				SDKROOT = iphoneos;
				SWIFT_ACTIVE_COMPILATION_CONDITIONS = DEBUG;
				SWIFT_OPTIMIZATION_LEVEL = "-Onone";
			};
			name = Debug;
		};
		DDD2977724BF660800D4411A /* Release */ = {
			isa = XCBuildConfiguration;
			buildSettings = {
				ALWAYS_SEARCH_USER_PATHS = NO;
				CLANG_ANALYZER_NONNULL = YES;
				CLANG_ANALYZER_NUMBER_OBJECT_CONVERSION = YES_AGGRESSIVE;
				CLANG_CXX_LANGUAGE_STANDARD = "gnu++14";
				CLANG_CXX_LIBRARY = "libc++";
				CLANG_ENABLE_MODULES = YES;
				CLANG_ENABLE_OBJC_ARC = YES;
				CLANG_ENABLE_OBJC_WEAK = YES;
				CLANG_WARN_BLOCK_CAPTURE_AUTORELEASING = YES;
				CLANG_WARN_BOOL_CONVERSION = YES;
				CLANG_WARN_COMMA = YES;
				CLANG_WARN_CONSTANT_CONVERSION = YES;
				CLANG_WARN_DEPRECATED_OBJC_IMPLEMENTATIONS = YES;
				CLANG_WARN_DIRECT_OBJC_ISA_USAGE = YES_ERROR;
				CLANG_WARN_DOCUMENTATION_COMMENTS = YES;
				CLANG_WARN_EMPTY_BODY = YES;
				CLANG_WARN_ENUM_CONVERSION = YES;
				CLANG_WARN_INFINITE_RECURSION = YES;
				CLANG_WARN_INT_CONVERSION = YES;
				CLANG_WARN_NON_LITERAL_NULL_CONVERSION = YES;
				CLANG_WARN_OBJC_IMPLICIT_RETAIN_SELF = YES;
				CLANG_WARN_OBJC_LITERAL_CONVERSION = YES;
				CLANG_WARN_OBJC_ROOT_CLASS = YES_ERROR;
				CLANG_WARN_RANGE_LOOP_ANALYSIS = YES;
				CLANG_WARN_STRICT_PROTOTYPES = YES;
				CLANG_WARN_SUSPICIOUS_MOVE = YES;
				CLANG_WARN_UNGUARDED_AVAILABILITY = YES_AGGRESSIVE;
				CLANG_WARN_UNREACHABLE_CODE = YES;
				CLANG_WARN__DUPLICATE_METHOD_MATCH = YES;
				COPY_PHASE_STRIP = NO;
				DEBUG_INFORMATION_FORMAT = "dwarf-with-dsym";
				ENABLE_NS_ASSERTIONS = NO;
				ENABLE_STRICT_OBJC_MSGSEND = YES;
				GCC_C_LANGUAGE_STANDARD = gnu11;
				GCC_NO_COMMON_BLOCKS = YES;
				GCC_WARN_64_TO_32_BIT_CONVERSION = YES;
				GCC_WARN_ABOUT_RETURN_TYPE = YES_ERROR;
				GCC_WARN_UNDECLARED_SELECTOR = YES;
				GCC_WARN_UNINITIALIZED_AUTOS = YES_AGGRESSIVE;
				GCC_WARN_UNUSED_FUNCTION = YES;
				GCC_WARN_UNUSED_VARIABLE = YES;
				IPHONEOS_DEPLOYMENT_TARGET = 13.0;
				MTL_ENABLE_DEBUG_INFO = NO;
				MTL_FAST_MATH = YES;
				SDKROOT = iphoneos;
				SWIFT_COMPILATION_MODE = wholemodule;
				SWIFT_OPTIMIZATION_LEVEL = "-O";
				VALIDATE_PRODUCT = YES;
			};
			name = Release;
		};
		DDD2977924BF660800D4411A /* Debug */ = {
			isa = XCBuildConfiguration;
			buildSettings = {
				ASSETCATALOG_COMPILER_APPICON_NAME = AppIcon;
				CODE_SIGN_STYLE = Automatic;
				INFOPLIST_FILE = tip/Info.plist;
				LD_RUNPATH_SEARCH_PATHS = (
					"$(inherited)",
					"@executable_path/Frameworks",
				);
				PRODUCT_BUNDLE_IDENTIFIER = com.sylvia.tip;
				PRODUCT_NAME = "$(TARGET_NAME)";
				SWIFT_VERSION = 5.0;
				TARGETED_DEVICE_FAMILY = "1,2";
			};
			name = Debug;
		};
		DDD2977A24BF660800D4411A /* Release */ = {
			isa = XCBuildConfiguration;
			buildSettings = {
				ASSETCATALOG_COMPILER_APPICON_NAME = AppIcon;
				CODE_SIGN_STYLE = Automatic;
				INFOPLIST_FILE = tip/Info.plist;
				LD_RUNPATH_SEARCH_PATHS = (
					"$(inherited)",
					"@executable_path/Frameworks",
				);
				PRODUCT_BUNDLE_IDENTIFIER = com.sylvia.tip;
				PRODUCT_NAME = "$(TARGET_NAME)";
				SWIFT_VERSION = 5.0;
				TARGETED_DEVICE_FAMILY = "1,2";
			};
			name = Release;
		};
		DDD2977C24BF660800D4411A /* Debug */ = {
			isa = XCBuildConfiguration;
			buildSettings = {
				ALWAYS_EMBED_SWIFT_STANDARD_LIBRARIES = YES;
				BUNDLE_LOADER = "$(TEST_HOST)";
				CODE_SIGN_STYLE = Automatic;
				INFOPLIST_FILE = tipTests/Info.plist;
				IPHONEOS_DEPLOYMENT_TARGET = 13.0;
				LD_RUNPATH_SEARCH_PATHS = (
					"$(inherited)",
					"@executable_path/Frameworks",
					"@loader_path/Frameworks",
				);
				PRODUCT_BUNDLE_IDENTIFIER = com.sylvia.tipTests;
				PRODUCT_NAME = "$(TARGET_NAME)";
				SWIFT_VERSION = 5.0;
				TARGETED_DEVICE_FAMILY = "1,2";
				TEST_HOST = "$(BUILT_PRODUCTS_DIR)/tip.app/tip";
			};
			name = Debug;
		};
		DDD2977D24BF660800D4411A /* Release */ = {
			isa = XCBuildConfiguration;
			buildSettings = {
				ALWAYS_EMBED_SWIFT_STANDARD_LIBRARIES = YES;
				BUNDLE_LOADER = "$(TEST_HOST)";
				CODE_SIGN_STYLE = Automatic;
				INFOPLIST_FILE = tipTests/Info.plist;
				IPHONEOS_DEPLOYMENT_TARGET = 13.0;
				LD_RUNPATH_SEARCH_PATHS = (
					"$(inherited)",
					"@executable_path/Frameworks",
					"@loader_path/Frameworks",
				);
				PRODUCT_BUNDLE_IDENTIFIER = com.sylvia.tipTests;
				PRODUCT_NAME = "$(TARGET_NAME)";
				SWIFT_VERSION = 5.0;
				TARGETED_DEVICE_FAMILY = "1,2";
				TEST_HOST = "$(BUILT_PRODUCTS_DIR)/tip.app/tip";
			};
			name = Release;
		};
		DDD2977F24BF660800D4411A /* Debug */ = {
			isa = XCBuildConfiguration;
			buildSettings = {
				ALWAYS_EMBED_SWIFT_STANDARD_LIBRARIES = YES;
				CODE_SIGN_STYLE = Automatic;
				INFOPLIST_FILE = tipUITests/Info.plist;
				LD_RUNPATH_SEARCH_PATHS = (
					"$(inherited)",
					"@executable_path/Frameworks",
					"@loader_path/Frameworks",
				);
				PRODUCT_BUNDLE_IDENTIFIER = com.sylvia.tipUITests;
				PRODUCT_NAME = "$(TARGET_NAME)";
				SWIFT_VERSION = 5.0;
				TARGETED_DEVICE_FAMILY = "1,2";
				TEST_TARGET_NAME = tip;
			};
			name = Debug;
		};
		DDD2978024BF660800D4411A /* Release */ = {
			isa = XCBuildConfiguration;
			buildSettings = {
				ALWAYS_EMBED_SWIFT_STANDARD_LIBRARIES = YES;
				CODE_SIGN_STYLE = Automatic;
				INFOPLIST_FILE = tipUITests/Info.plist;
				LD_RUNPATH_SEARCH_PATHS = (
					"$(inherited)",
					"@executable_path/Frameworks",
					"@loader_path/Frameworks",
				);
				PRODUCT_BUNDLE_IDENTIFIER = com.sylvia.tipUITests;
				PRODUCT_NAME = "$(TARGET_NAME)";
				SWIFT_VERSION = 5.0;
				TARGETED_DEVICE_FAMILY = "1,2";
				TEST_TARGET_NAME = tip;
			};
			name = Release;
		};
/* End XCBuildConfiguration section */

/* Begin XCConfigurationList section */
		DDD2974924BF660600D4411A /* Build configuration list for PBXProject "tip" */ = {
			isa = XCConfigurationList;
			buildConfigurations = (
				DDD2977624BF660800D4411A /* Debug */,
				DDD2977724BF660800D4411A /* Release */,
			);
			defaultConfigurationIsVisible = 0;
			defaultConfigurationName = Release;
		};
		DDD2977824BF660800D4411A /* Build configuration list for PBXNativeTarget "tip" */ = {
			isa = XCConfigurationList;
			buildConfigurations = (
				DDD2977924BF660800D4411A /* Debug */,
				DDD2977A24BF660800D4411A /* Release */,
			);
			defaultConfigurationIsVisible = 0;
			defaultConfigurationName = Release;
		};
		DDD2977B24BF660800D4411A /* Build configuration list for PBXNativeTarget "tipTests" */ = {
			isa = XCConfigurationList;
			buildConfigurations = (
				DDD2977C24BF660800D4411A /* Debug */,
				DDD2977D24BF660800D4411A /* Release */,
			);
			defaultConfigurationIsVisible = 0;
			defaultConfigurationName = Release;
		};
		DDD2977E24BF660800D4411A /* Build configuration list for PBXNativeTarget "tipUITests" */ = {
			isa = XCConfigurationList;
			buildConfigurations = (
				DDD2977F24BF660800D4411A /* Debug */,
				DDD2978024BF660800D4411A /* Release */,
			);
			defaultConfigurationIsVisible = 0;
			defaultConfigurationName = Release;
		};
/* End XCConfigurationList section */
	};
	rootObject = DDD2974624BF660600D4411A /* Project object */;
}
